
Microsoft Visual Studio Solution File, Format Version 12.00
# Visual Studio Version 17
VisualStudioVersion = 17.5.002.0
MinimumVisualStudioVersion = 10.0.40219.1
Project("{9A19103F-16F7-4668-BE54-9A1E7A4F7556}") = "Opg1", "Opg1.csproj", "{5ED168A2-2EBE-4145-8E94-8A19B8F9243F}"
EndProject
Global
	GlobalSection(SolutionConfigurationPlatforms) = preSolution
		Debug|Any CPU = Debug|Any CPU
		Release|Any CPU = Release|Any CPU
	EndGlobalSection
	GlobalSection(ProjectConfigurationPlatforms) = postSolution
		{5ED168A2-2EBE-4145-8E94-8A19B8F9243F}.Debug|Any CPU.ActiveCfg = Debug|Any CPU
		{5ED168A2-2EBE-4145-8E94-8A19B8F9243F}.Debug|Any CPU.Build.0 = Debug|Any CPU
		{5ED168A2-2EBE-4145-8E94-8A19B8F9243F}.Release|Any CPU.ActiveCfg = Release|Any CPU
		{5ED168A2-2EBE-4145-8E94-8A19B8F9243F}.Release|Any CPU.Build.0 = Release|Any CPU
	EndGlobalSection
	GlobalSection(SolutionProperties) = preSolution
		HideSolutionNode = FALSE
	EndGlobalSection
	GlobalSection(ExtensibilityGlobals) = postSolution
		SolutionGuid = {952A17DD-315A-45F8-A919-2367F21B4D95}
	EndGlobalSection
EndGlobal
