
Microsoft Visual Studio Solution File, Format Version 12.00
# Visual Studio Version 17
VisualStudioVersion = 17.5.002.0
MinimumVisualStudioVersion = 10.0.40219.1
Project("{9A19103F-16F7-4668-BE54-9A1E7A4F7556}") = "Opg1", "Opg1.csproj", "{743A1335-236B-4E81-8958-777F66C9AFA0}"
EndProject
Global
	GlobalSection(SolutionConfigurationPlatforms) = preSolution
		Debug|Any CPU = Debug|Any CPU
		Release|Any CPU = Release|Any CPU
	EndGlobalSection
	GlobalSection(ProjectConfigurationPlatforms) = postSolution
		{743A1335-236B-4E81-8958-777F66C9AFA0}.Debug|Any CPU.ActiveCfg = Debug|Any CPU
		{743A1335-236B-4E81-8958-777F66C9AFA0}.Debug|Any CPU.Build.0 = Debug|Any CPU
		{743A1335-236B-4E81-8958-777F66C9AFA0}.Release|Any CPU.ActiveCfg = Release|Any CPU
		{743A1335-236B-4E81-8958-777F66C9AFA0}.Release|Any CPU.Build.0 = Release|Any CPU
	EndGlobalSection
	GlobalSection(SolutionProperties) = preSolution
		HideSolutionNode = FALSE
	EndGlobalSection
	GlobalSection(ExtensibilityGlobals) = postSolution
		SolutionGuid = {97FD0C99-5036-4FC6-A44A-7DB077DB1856}
	EndGlobalSection
EndGlobal
